<?xml version="1.0" encoding="utf-8"?>
<Project ToolsVersion="4.0" xmlns="http://schemas.microsoft.com/developer/msbuild/2003">
  <ItemGroup>
    <ClCompile Include="..\Addictol\Source\AdAllocator.cpp">
      <Filter>Source</Filter>
    </ClCompile>
    <ClCompile Include="..\Addictol\Source\AdAssert.cpp">
      <Filter>Source</Filter>
    </ClCompile>
    <ClCompile Include="..\Addictol\Source\AdMain.cpp">
      <Filter>Source</Filter>
    </ClCompile>
    <ClCompile Include="..\Addictol\Source\AdMemoryTracer.cpp">
      <Filter>Source</Filter>
    </ClCompile>
    <ClCompile Include="..\Addictol\Source\AdModule.cpp">
      <Filter>Source</Filter>
    </ClCompile>
    <ClCompile Include="..\Addictol\Source\AdPlugin.cpp">
      <Filter>Source</Filter>
    </ClCompile>
    <ClCompile Include="..\Addictol\Source\AdProxyVoltekHeap.cpp">
      <Filter>Source</Filter>
    </ClCompile>
    <ClCompile Include="..\Addictol\Source\AdRegisterModules.cpp">
      <Filter>Source</Filter>
    </ClCompile>
    <ClCompile Include="..\Addictol\Source\AdUtils.cpp">
      <Filter>Source</Filter>
    </ClCompile>
    <ClCompile Include="..\Addictol\Source\Modules\AdModuleWorkbenchSwap.cpp">
      <Filter>Source\Modules</Filter>
    </ClCompile>
    <ClCompile Include="..\Addictol\Source\Modules\AdModuleUnalignedLoad.cpp">
      <Filter>Source\Modules</Filter>
    </ClCompile>
    <ClCompile Include="..\Addictol\Source\Modules\AdModuleThreads.cpp">
      <Filter>Source\Modules</Filter>
    </ClCompile>
    <ClCompile Include="..\Addictol\Source\Modules\AdModuleSmallblockAllocator.cpp">
      <Filter>Source\Modules</Filter>
    </ClCompile>
    <ClCompile Include="..\Addictol\Source\Modules\AdModuleScaleformAllocator.cpp">
      <Filter>Source\Modules</Filter>
    </ClCompile>
    <ClCompile Include="..\Addictol\Source\Modules\AdModuleSafeExit.cpp">
      <Filter>Source\Modules</Filter>
    </ClCompile>
    <ClCompile Include="..\Addictol\Source\Modules\AdModuleProfile.cpp">
      <Filter>Source\Modules</Filter>
    </ClCompile>
    <ClCompile Include="..\Addictol\Source\Modules\AdModulePackageAllocateLocation.cpp">
      <Filter>Source\Modules</Filter>
    </ClCompile>
    <ClCompile Include="..\Addictol\Source\Modules\AdModuleMemoryManager.cpp">
      <Filter>Source\Modules</Filter>
    </ClCompile>
    <ClCompile Include="..\Addictol\Source\Modules\AdModuleLODDistance.cpp">
      <Filter>Source\Modules</Filter>
    </ClCompile>
    <ClCompile Include="..\Addictol\Source\Modules\AdModuleLoadScreen.cpp">
      <Filter>Source\Modules</Filter>
    </ClCompile>
    <ClCompile Include="..\Addictol\Source\Modules\AdModuleLibDeflate.cpp">
      <Filter>Source\Modules</Filter>
    </ClCompile>
    <ClCompile Include="..\Addictol\Source\Modules\AdModuleInitTints.cpp">
      <Filter>Source\Modules</Filter>
    </ClCompile>
    <ClCompile Include="..\Addictol\Source\Modules\AdModuleGreyMovie.cpp">
      <Filter>Source\Modules</Filter>
    </ClCompile>
    <ClCompile Include="..\Addictol\Source\Modules\AdModuleFacegen.cpp">
      <Filter>Source\Modules</Filter>
    </ClCompile>
    <ClCompile Include="..\Addictol\Source\Modules\AdModuleCellInit.cpp">
      <Filter>Source\Modules</Filter>
    </ClCompile>
    <ClCompile Include="..\Addictol\Source\Modules\AdModuleBGSAIWorldLocationRefRadius.cpp">
      <Filter>Source\Modules</Filter>
    </ClCompile>
    <ClCompile Include="..\Addictol\Source\Modules\AdModuleActorIsHostileToActor.cpp">
      <Filter>Source\Modules</Filter>
    </ClCompile>
    <ClCompile Include="..\Addictol\Source\Modules\AdModuleAchievements.cpp">
      <Filter>Source\Modules</Filter>
    </ClCompile>
    <ClCompile Include="..\Addictol\Source\Modules\AdModuleDropItems.cpp">
      <Filter>Source\Modules</Filter>
    </ClCompile>
    <ClCompile Include="..\Addictol\Source\Modules\AdModuleMaxStdIO.cpp">
      <Filter>Source\Modules</Filter>
    </ClCompile>
    <ClCompile Include="..\Addictol\Source\AdModuleManager.cpp">
      <Filter>Source</Filter>
    </ClCompile>
    <ClCompile Include="..\Addictol\Source\Modules\AdModuleMovementPlanner.cpp">
      <Filter>Source\Modules</Filter>
    </ClCompile>
    <ClCompile Include="..\Addictol\Source\Modules\AdModuleEscapeFreeze.cpp">
      <Filter>Source\Modules</Filter>
    </ClCompile>
  </ItemGroup>
  <ItemGroup>
    <ClInclude Include="..\Version\resource_version2.h" />
    <ClInclude Include="..\Addictol\Include\Modules\AdModuleAchievements.h">
      <Filter>Include\Modules</Filter>
    </ClInclude>
    <ClInclude Include="..\Addictol\Include\Modules\AdModuleActorIsHostileToActor.h">
      <Filter>Include\Modules</Filter>
    </ClInclude>
    <ClInclude Include="..\Addictol\Include\Modules\AdModuleBGSAIWorldLocationRefRadius.h">
      <Filter>Include\Modules</Filter>
    </ClInclude>
    <ClInclude Include="..\Addictol\Include\Modules\AdModuleCellInit.h">
      <Filter>Include\Modules</Filter>
    </ClInclude>
    <ClInclude Include="..\Addictol\Include\Modules\AdModuleFacegen.h">
      <Filter>Include\Modules</Filter>
    </ClInclude>
    <ClInclude Include="..\Addictol\Include\Modules\AdModuleGreyMovie.h">
      <Filter>Include\Modules</Filter>
    </ClInclude>
    <ClInclude Include="..\Addictol\Include\Modules\AdModuleInitTints.h">
      <Filter>Include\Modules</Filter>
    </ClInclude>
    <ClInclude Include="..\Addictol\Include\Modules\AdModuleLibDeflate.h">
      <Filter>Include\Modules</Filter>
    </ClInclude>
    <ClInclude Include="..\Addictol\Include\Modules\AdModuleLoadScreen.h">
      <Filter>Include\Modules</Filter>
    </ClInclude>
    <ClInclude Include="..\Addictol\Include\Modules\AdModuleLODDistance.h">
      <Filter>Include\Modules</Filter>
    </ClInclude>
    <ClInclude Include="..\Addictol\Include\Modules\AdModuleMemoryManager.h">
      <Filter>Include\Modules</Filter>
    </ClInclude>
    <ClInclude Include="..\Addictol\Include\Modules\AdModulePackageAllocateLocation.h">
      <Filter>Include\Modules</Filter>
    </ClInclude>
    <ClInclude Include="..\Addictol\Include\Modules\AdModuleProfile.h">
      <Filter>Include\Modules</Filter>
    </ClInclude>
    <ClInclude Include="..\Addictol\Include\Modules\AdModuleSafeExit.h">
      <Filter>Include\Modules</Filter>
    </ClInclude>
    <ClInclude Include="..\Addictol\Include\Modules\AdModuleScaleformAllocator.h">
      <Filter>Include\Modules</Filter>
    </ClInclude>
    <ClInclude Include="..\Addictol\Include\Modules\AdModuleSmallblockAllocator.h">
      <Filter>Include\Modules</Filter>
    </ClInclude>
    <ClInclude Include="..\Addictol\Include\Modules\AdModuleThreads.h">
      <Filter>Include\Modules</Filter>
    </ClInclude>
    <ClInclude Include="..\Addictol\Include\Modules\AdModuleUnalignedLoad.h">
      <Filter>Include\Modules</Filter>
    </ClInclude>
    <ClInclude Include="..\Addictol\Include\Modules\AdModuleWorkbenchSwap.h">
      <Filter>Include\Modules</Filter>
    </ClInclude>
    <ClInclude Include="..\Addictol\Include\AdUtils.h">
      <Filter>Include</Filter>
    </ClInclude>
    <ClInclude Include="..\Addictol\Include\AdAssert.h">
      <Filter>Include</Filter>
    </ClInclude>
    <ClInclude Include="..\Addictol\Include\AdMemoryTracer.h">
      <Filter>Include</Filter>
    </ClInclude>
    <ClInclude Include="..\Addictol\Include\AdModule.h">
      <Filter>Include</Filter>
    </ClInclude>
    <ClInclude Include="..\Addictol\Include\AdPlugin.h">
      <Filter>Include</Filter>
    </ClInclude>
    <ClInclude Include="..\Addictol\Include\AdAllocator.h">
      <Filter>Include</Filter>
    </ClInclude>
    <ClInclude Include="..\Addictol\Include\Modules\AdModuleDropItems.h">
      <Filter>Include\Modules</Filter>
    </ClInclude>
    <ClInclude Include="..\Addictol\Include\Modules\AdModuleMaxStdIO.h">
      <Filter>Include\Modules</Filter>
    </ClInclude>
    <ClInclude Include="..\Addictol\Include\AdModuleManager.h">
      <Filter>Include</Filter>
    </ClInclude>
    <ClInclude Include="..\Addictol\Include\Modules\AdModuleMovementPlanner.h">
      <Filter>Include\Modules</Filter>
    </ClInclude>
    <ClInclude Include="..\Addictol\Include\Modules\AdModuleEscapeFreeze.h">
      <Filter>Include\Modules</Filter>
    </ClInclude>
  </ItemGroup>
  <ItemGroup>
    <ResourceCompile Include="..\Version\resource_version.rc" />
  </ItemGroup>
  <ItemGroup>
    <None Include="..\Version\fomod_info.tmp" />
    <None Include="..\Version\resource_version2.tmp" />
    <None Include="..\Version\scripts.ps1" />
  </ItemGroup>
  <ItemGroup>
    <Text Include="..\Version\build_version.txt" />
  </ItemGroup>
  <ItemGroup>
    <Filter Include="Source">
      <UniqueIdentifier>{baed3218-2937-4cad-bce6-2874ab3de333}</UniqueIdentifier>
    </Filter>
    <Filter Include="Include">
      <UniqueIdentifier>{a20d09e5-6c76-49f5-9b4e-0bc1df6b6b20}</UniqueIdentifier>
    </Filter>
    <Filter Include="Include\Modules">
      <UniqueIdentifier>{7f9dc727-58b0-4894-9e00-e9eb155fc5f9}</UniqueIdentifier>
    </Filter>
    <Filter Include="Source\Modules">
      <UniqueIdentifier>{5150941a-fce7-4adc-addc-9be98eb0c180}</UniqueIdentifier>
    </Filter>
  </ItemGroup>
</Project>